
Microsoft Visual Studio Solution File, Format Version 12.00
# Visual Studio Version 16
VisualStudioVersion = 16.0.28803.352
MinimumVisualStudioVersion = 10.0.40219.1
Project("{FAE04EC0-301F-11D3-BF4B-00C04F79EFBC}") = "Engine.Brain", "Engine.Brain\Engine.Brain.csproj", "{E57416B0-BFEE-4420-8C3A-1F96732C9375}"
EndProject
Project("{FAE04EC0-301F-11D3-BF4B-00C04F79EFBC}") = "Engine.GIS", "Engine.GIS\Engine.GIS.csproj", "{B3845380-5CA5-4ED0-B6AD-EE9043E9FBFB}"
EndProject
Project("{2150E333-8FDC-42A3-9474-1A3956D46DE8}") = "Extra", "Extra", "{663349CC-ADCB-4B9E-A929-ADD151A6CB29}"
EndProject
Project("{FAE04EC0-301F-11D3-BF4B-00C04F79EFBC}") = "ScottPlot", "Extra\ScottPlot\ScottPlot.csproj", "{2EB18F34-A0C1-4A51-9286-C42DA53668CB}"
EndProject
Project("{FAE04EC0-301F-11D3-BF4B-00C04F79EFBC}") = "Engine.NLP", "Engine.NLP\Engine.NLP.csproj", "{D8C1D1D1-E414-4C26-A666-7DBE72C8BA44}"
EndProject
Project("{FAE04EC0-301F-11D3-BF4B-00C04F79EFBC}") = "Host.UI", "Host.UI\Host.UI.csproj", "{1E236454-481B-4646-BEF5-57A5FCE9766B}"
EndProject
Project("{2150E333-8FDC-42A3-9474-1A3956D46DE8}") = "UI", "UI", "{A0CCA7DB-5500-4838-87D5-6A57C0D63CC6}"
EndProject
Project("{FAE04EC0-301F-11D3-BF4B-00C04F79EFBC}") = "TestExamples", "Examples\TestExamples.csproj", "{9C7D4CB1-03BB-4052-9E4D-9C5914761787}"
EndProject
Project("{2150E333-8FDC-42A3-9474-1A3956D46DE8}") = "Examples", "Examples", "{395E5C41-57D1-4FD4-AC98-3BB508282945}"
EndProject
Global
	GlobalSection(SolutionConfigurationPlatforms) = preSolution
		Debug|Any CPU = Debug|Any CPU
		Debug|ARM = Debug|ARM
		Debug|ARM64 = Debug|ARM64
		Debug|x64 = Debug|x64
		Debug|x86 = Debug|x86
		Release|Any CPU = Release|Any CPU
		Release|ARM = Release|ARM
		Release|ARM64 = Release|ARM64
		Release|x64 = Release|x64
		Release|x86 = Release|x86
	EndGlobalSection
	GlobalSection(ProjectConfigurationPlatforms) = postSolution
		{E57416B0-BFEE-4420-8C3A-1F96732C9375}.Debug|Any CPU.ActiveCfg = Debug|Any CPU
		{E57416B0-BFEE-4420-8C3A-1F96732C9375}.Debug|Any CPU.Build.0 = Debug|Any CPU
		{E57416B0-BFEE-4420-8C3A-1F96732C9375}.Debug|ARM.ActiveCfg = Debug|Any CPU
		{E57416B0-BFEE-4420-8C3A-1F96732C9375}.Debug|ARM.Build.0 = Debug|Any CPU
		{E57416B0-BFEE-4420-8C3A-1F96732C9375}.Debug|ARM64.ActiveCfg = Debug|Any CPU
		{E57416B0-BFEE-4420-8C3A-1F96732C9375}.Debug|ARM64.Build.0 = Debug|Any CPU
		{E57416B0-BFEE-4420-8C3A-1F96732C9375}.Debug|x64.ActiveCfg = Debug|x64
		{E57416B0-BFEE-4420-8C3A-1F96732C9375}.Debug|x64.Build.0 = Debug|x64
		{E57416B0-BFEE-4420-8C3A-1F96732C9375}.Debug|x86.ActiveCfg = Debug|Any CPU
		{E57416B0-BFEE-4420-8C3A-1F96732C9375}.Debug|x86.Build.0 = Debug|Any CPU
		{E57416B0-BFEE-4420-8C3A-1F96732C9375}.Release|Any CPU.ActiveCfg = Release|Any CPU
		{E57416B0-BFEE-4420-8C3A-1F96732C9375}.Release|Any CPU.Build.0 = Release|Any CPU
		{E57416B0-BFEE-4420-8C3A-1F96732C9375}.Release|ARM.ActiveCfg = Release|Any CPU
		{E57416B0-BFEE-4420-8C3A-1F96732C9375}.Release|ARM.Build.0 = Release|Any CPU
		{E57416B0-BFEE-4420-8C3A-1F96732C9375}.Release|ARM64.ActiveCfg = Release|Any CPU
		{E57416B0-BFEE-4420-8C3A-1F96732C9375}.Release|ARM64.Build.0 = Release|Any CPU
		{E57416B0-BFEE-4420-8C3A-1F96732C9375}.Release|x64.ActiveCfg = Release|x64
		{E57416B0-BFEE-4420-8C3A-1F96732C9375}.Release|x64.Build.0 = Release|x64
		{E57416B0-BFEE-4420-8C3A-1F96732C9375}.Release|x86.ActiveCfg = Release|Any CPU
		{E57416B0-BFEE-4420-8C3A-1F96732C9375}.Release|x86.Build.0 = Release|Any CPU
		{B3845380-5CA5-4ED0-B6AD-EE9043E9FBFB}.Debug|Any CPU.ActiveCfg = Debug|Any CPU
		{B3845380-5CA5-4ED0-B6AD-EE9043E9FBFB}.Debug|Any CPU.Build.0 = Debug|Any CPU
		{B3845380-5CA5-4ED0-B6AD-EE9043E9FBFB}.Debug|ARM.ActiveCfg = Debug|Any CPU
		{B3845380-5CA5-4ED0-B6AD-EE9043E9FBFB}.Debug|ARM.Build.0 = Debug|Any CPU
		{B3845380-5CA5-4ED0-B6AD-EE9043E9FBFB}.Debug|ARM64.ActiveCfg = Debug|Any CPU
		{B3845380-5CA5-4ED0-B6AD-EE9043E9FBFB}.Debug|ARM64.Build.0 = Debug|Any CPU
		{B3845380-5CA5-4ED0-B6AD-EE9043E9FBFB}.Debug|x64.ActiveCfg = Debug|x64
		{B3845380-5CA5-4ED0-B6AD-EE9043E9FBFB}.Debug|x64.Build.0 = Debug|x64
		{B3845380-5CA5-4ED0-B6AD-EE9043E9FBFB}.Debug|x86.ActiveCfg = Debug|Any CPU
		{B3845380-5CA5-4ED0-B6AD-EE9043E9FBFB}.Debug|x86.Build.0 = Debug|Any CPU
		{B3845380-5CA5-4ED0-B6AD-EE9043E9FBFB}.Release|Any CPU.ActiveCfg = Release|Any CPU
		{B3845380-5CA5-4ED0-B6AD-EE9043E9FBFB}.Release|Any CPU.Build.0 = Release|Any CPU
		{B3845380-5CA5-4ED0-B6AD-EE9043E9FBFB}.Release|ARM.ActiveCfg = Release|Any CPU
		{B3845380-5CA5-4ED0-B6AD-EE9043E9FBFB}.Release|ARM.Build.0 = Release|Any CPU
		{B3845380-5CA5-4ED0-B6AD-EE9043E9FBFB}.Release|ARM64.ActiveCfg = Release|Any CPU
		{B3845380-5CA5-4ED0-B6AD-EE9043E9FBFB}.Release|ARM64.Build.0 = Release|Any CPU
		{B3845380-5CA5-4ED0-B6AD-EE9043E9FBFB}.Release|x64.ActiveCfg = Release|x64
		{B3845380-5CA5-4ED0-B6AD-EE9043E9FBFB}.Release|x64.Build.0 = Release|x64
		{B3845380-5CA5-4ED0-B6AD-EE9043E9FBFB}.Release|x86.ActiveCfg = Release|Any CPU
		{B3845380-5CA5-4ED0-B6AD-EE9043E9FBFB}.Release|x86.Build.0 = Release|Any CPU
		{2EB18F34-A0C1-4A51-9286-C42DA53668CB}.Debug|Any CPU.ActiveCfg = Debug|Any CPU
		{2EB18F34-A0C1-4A51-9286-C42DA53668CB}.Debug|Any CPU.Build.0 = Debug|Any CPU
		{2EB18F34-A0C1-4A51-9286-C42DA53668CB}.Debug|ARM.ActiveCfg = Debug|Any CPU
		{2EB18F34-A0C1-4A51-9286-C42DA53668CB}.Debug|ARM.Build.0 = Debug|Any CPU
		{2EB18F34-A0C1-4A51-9286-C42DA53668CB}.Debug|ARM64.ActiveCfg = Debug|Any CPU
		{2EB18F34-A0C1-4A51-9286-C42DA53668CB}.Debug|ARM64.Build.0 = Debug|Any CPU
		{2EB18F34-A0C1-4A51-9286-C42DA53668CB}.Debug|x64.ActiveCfg = Debug|x64
		{2EB18F34-A0C1-4A51-9286-C42DA53668CB}.Debug|x64.Build.0 = Debug|x64
		{2EB18F34-A0C1-4A51-9286-C42DA53668CB}.Debug|x86.ActiveCfg = Debug|Any CPU
		{2EB18F34-A0C1-4A51-9286-C42DA53668CB}.Debug|x86.Build.0 = Debug|Any CPU
		{2EB18F34-A0C1-4A51-9286-C42DA53668CB}.Release|Any CPU.ActiveCfg = Release|Any CPU
		{2EB18F34-A0C1-4A51-9286-C42DA53668CB}.Release|Any CPU.Build.0 = Release|Any CPU
		{2EB18F34-A0C1-4A51-9286-C42DA53668CB}.Release|ARM.ActiveCfg = Release|Any CPU
		{2EB18F34-A0C1-4A51-9286-C42DA53668CB}.Release|ARM.Build.0 = Release|Any CPU
		{2EB18F34-A0C1-4A51-9286-C42DA53668CB}.Release|ARM64.ActiveCfg = Release|Any CPU
		{2EB18F34-A0C1-4A51-9286-C42DA53668CB}.Release|ARM64.Build.0 = Release|Any CPU
		{2EB18F34-A0C1-4A51-9286-C42DA53668CB}.Release|x64.ActiveCfg = Release|x64
		{2EB18F34-A0C1-4A51-9286-C42DA53668CB}.Release|x64.Build.0 = Release|x64
		{2EB18F34-A0C1-4A51-9286-C42DA53668CB}.Release|x86.ActiveCfg = Release|Any CPU
		{2EB18F34-A0C1-4A51-9286-C42DA53668CB}.Release|x86.Build.0 = Release|Any CPU
		{D8C1D1D1-E414-4C26-A666-7DBE72C8BA44}.Debug|Any CPU.ActiveCfg = Debug|Any CPU
		{D8C1D1D1-E414-4C26-A666-7DBE72C8BA44}.Debug|Any CPU.Build.0 = Debug|Any CPU
		{D8C1D1D1-E414-4C26-A666-7DBE72C8BA44}.Debug|ARM.ActiveCfg = Debug|Any CPU
		{D8C1D1D1-E414-4C26-A666-7DBE72C8BA44}.Debug|ARM.Build.0 = Debug|Any CPU
		{D8C1D1D1-E414-4C26-A666-7DBE72C8BA44}.Debug|ARM64.ActiveCfg = Debug|Any CPU
		{D8C1D1D1-E414-4C26-A666-7DBE72C8BA44}.Debug|ARM64.Build.0 = Debug|Any CPU
		{D8C1D1D1-E414-4C26-A666-7DBE72C8BA44}.Debug|x64.ActiveCfg = Debug|x64
		{D8C1D1D1-E414-4C26-A666-7DBE72C8BA44}.Debug|x64.Build.0 = Debug|x64
		{D8C1D1D1-E414-4C26-A666-7DBE72C8BA44}.Debug|x86.ActiveCfg = Debug|Any CPU
		{D8C1D1D1-E414-4C26-A666-7DBE72C8BA44}.Debug|x86.Build.0 = Debug|Any CPU
		{D8C1D1D1-E414-4C26-A666-7DBE72C8BA44}.Release|Any CPU.ActiveCfg = Release|Any CPU
		{D8C1D1D1-E414-4C26-A666-7DBE72C8BA44}.Release|Any CPU.Build.0 = Release|Any CPU
		{D8C1D1D1-E414-4C26-A666-7DBE72C8BA44}.Release|ARM.ActiveCfg = Release|Any CPU
		{D8C1D1D1-E414-4C26-A666-7DBE72C8BA44}.Release|ARM.Build.0 = Release|Any CPU
		{D8C1D1D1-E414-4C26-A666-7DBE72C8BA44}.Release|ARM64.ActiveCfg = Release|Any CPU
		{D8C1D1D1-E414-4C26-A666-7DBE72C8BA44}.Release|ARM64.Build.0 = Release|Any CPU
		{D8C1D1D1-E414-4C26-A666-7DBE72C8BA44}.Release|x64.ActiveCfg = Release|x64
		{D8C1D1D1-E414-4C26-A666-7DBE72C8BA44}.Release|x64.Build.0 = Release|x64
		{D8C1D1D1-E414-4C26-A666-7DBE72C8BA44}.Release|x86.ActiveCfg = Release|Any CPU
		{D8C1D1D1-E414-4C26-A666-7DBE72C8BA44}.Release|x86.Build.0 = Release|Any CPU
		{1E236454-481B-4646-BEF5-57A5FCE9766B}.Debug|Any CPU.ActiveCfg = Debug|Any CPU
		{1E236454-481B-4646-BEF5-57A5FCE9766B}.Debug|Any CPU.Build.0 = Debug|Any CPU
		{1E236454-481B-4646-BEF5-57A5FCE9766B}.Debug|ARM.ActiveCfg = Debug|Any CPU
		{1E236454-481B-4646-BEF5-57A5FCE9766B}.Debug|ARM.Build.0 = Debug|Any CPU
		{1E236454-481B-4646-BEF5-57A5FCE9766B}.Debug|ARM64.ActiveCfg = Debug|Any CPU
		{1E236454-481B-4646-BEF5-57A5FCE9766B}.Debug|ARM64.Build.0 = Debug|Any CPU
		{1E236454-481B-4646-BEF5-57A5FCE9766B}.Debug|x64.ActiveCfg = Debug|x64
		{1E236454-481B-4646-BEF5-57A5FCE9766B}.Debug|x64.Build.0 = Debug|x64
		{1E236454-481B-4646-BEF5-57A5FCE9766B}.Debug|x86.ActiveCfg = Debug|Any CPU
		{1E236454-481B-4646-BEF5-57A5FCE9766B}.Debug|x86.Build.0 = Debug|Any CPU
		{1E236454-481B-4646-BEF5-57A5FCE9766B}.Release|Any CPU.ActiveCfg = Release|Any CPU
		{1E236454-481B-4646-BEF5-57A5FCE9766B}.Release|Any CPU.Build.0 = Release|Any CPU
		{1E236454-481B-4646-BEF5-57A5FCE9766B}.Release|ARM.ActiveCfg = Release|Any CPU
		{1E236454-481B-4646-BEF5-57A5FCE9766B}.Release|ARM.Build.0 = Release|Any CPU
		{1E236454-481B-4646-BEF5-57A5FCE9766B}.Release|ARM64.ActiveCfg = Release|Any CPU
		{1E236454-481B-4646-BEF5-57A5FCE9766B}.Release|ARM64.Build.0 = Release|Any CPU
		{1E236454-481B-4646-BEF5-57A5FCE9766B}.Release|x64.ActiveCfg = Release|x64
		{1E236454-481B-4646-BEF5-57A5FCE9766B}.Release|x64.Build.0 = Release|x64
		{1E236454-481B-4646-BEF5-57A5FCE9766B}.Release|x86.ActiveCfg = Release|Any CPU
		{1E236454-481B-4646-BEF5-57A5FCE9766B}.Release|x86.Build.0 = Release|Any CPU
		{9C7D4CB1-03BB-4052-9E4D-9C5914761787}.Debug|Any CPU.ActiveCfg = Debug|Any CPU
		{9C7D4CB1-03BB-4052-9E4D-9C5914761787}.Debug|Any CPU.Build.0 = Debug|Any CPU
		{9C7D4CB1-03BB-4052-9E4D-9C5914761787}.Debug|ARM.ActiveCfg = Debug|Any CPU
		{9C7D4CB1-03BB-4052-9E4D-9C5914761787}.Debug|ARM.Build.0 = Debug|Any CPU
		{9C7D4CB1-03BB-4052-9E4D-9C5914761787}.Debug|ARM64.ActiveCfg = Debug|Any CPU
		{9C7D4CB1-03BB-4052-9E4D-9C5914761787}.Debug|ARM64.Build.0 = Debug|Any CPU
		{9C7D4CB1-03BB-4052-9E4D-9C5914761787}.Debug|x64.ActiveCfg = Debug|Any CPU
		{9C7D4CB1-03BB-4052-9E4D-9C5914761787}.Debug|x64.Build.0 = Debug|Any CPU
		{9C7D4CB1-03BB-4052-9E4D-9C5914761787}.Debug|x86.ActiveCfg = Debug|Any CPU
		{9C7D4CB1-03BB-4052-9E4D-9C5914761787}.Debug|x86.Build.0 = Debug|Any CPU
		{9C7D4CB1-03BB-4052-9E4D-9C5914761787}.Release|Any CPU.ActiveCfg = Release|Any CPU
		{9C7D4CB1-03BB-4052-9E4D-9C5914761787}.Release|Any CPU.Build.0 = Release|Any CPU
		{9C7D4CB1-03BB-4052-9E4D-9C5914761787}.Release|ARM.ActiveCfg = Release|Any CPU
		{9C7D4CB1-03BB-4052-9E4D-9C5914761787}.Release|ARM.Build.0 = Release|Any CPU
		{9C7D4CB1-03BB-4052-9E4D-9C5914761787}.Release|ARM64.ActiveCfg = Release|Any CPU
		{9C7D4CB1-03BB-4052-9E4D-9C5914761787}.Release|ARM64.Build.0 = Release|Any CPU
		{9C7D4CB1-03BB-4052-9E4D-9C5914761787}.Release|x64.ActiveCfg = Release|Any CPU
		{9C7D4CB1-03BB-4052-9E4D-9C5914761787}.Release|x64.Build.0 = Release|Any CPU
		{9C7D4CB1-03BB-4052-9E4D-9C5914761787}.Release|x86.ActiveCfg = Release|Any CPU
		{9C7D4CB1-03BB-4052-9E4D-9C5914761787}.Release|x86.Build.0 = Release|Any CPU
	EndGlobalSection
	GlobalSection(SolutionProperties) = preSolution
		HideSolutionNode = FALSE
	EndGlobalSection
	GlobalSection(NestedProjects) = preSolution
		{2EB18F34-A0C1-4A51-9286-C42DA53668CB} = {663349CC-ADCB-4B9E-A929-ADD151A6CB29}
		{1E236454-481B-4646-BEF5-57A5FCE9766B} = {A0CCA7DB-5500-4838-87D5-6A57C0D63CC6}
		{9C7D4CB1-03BB-4052-9E4D-9C5914761787} = {395E5C41-57D1-4FD4-AC98-3BB508282945}
	EndGlobalSection
	GlobalSection(ExtensibilityGlobals) = postSolution
		SolutionGuid = {DF574D99-4B00-4893-860D-C945AE257D09}
	EndGlobalSection
EndGlobal
