
Microsoft Visual Studio Solution File, Format Version 12.00
# Visual Studio 15
VisualStudioVersion = 15.0.27004.2002
MinimumVisualStudioVersion = 10.0.40219.1
Project("{2150E333-8FDC-42A3-9474-1A3956D46DE8}") = "Core", "Core", "{4B5B0396-A5BC-44D4-AAF4-A0037E20E77D}"
EndProject
Project("{FAE04EC0-301F-11D3-BF4B-00C04F79EFBC}") = "Host.Crawler", "Host.Crawler\Host.Crawler.csproj", "{D7DB31C2-1869-48D8-9F03-E97B69BB0456}"
EndProject
Project("{FAE04EC0-301F-11D3-BF4B-00C04F79EFBC}") = "GrainInterface.Crawler", "GrainInterface.Crawler\GrainInterface.Crawler.csproj", "{06E1EEC2-AB01-4635-A8AF-9DAA4E4009D1}"
EndProject
Project("{FAE04EC0-301F-11D3-BF4B-00C04F79EFBC}") = "GrainImplement.Crawler", "GrainImplement.Crawler\GrainImplement.Crawler.csproj", "{8EFEA62A-A25E-4525-8074-9FF91FFE8FD4}"
EndProject
Project("{FAE04EC0-301F-11D3-BF4B-00C04F79EFBC}") = "Host.Crawler.UI", "Host.Crawler.UI\Host.Crawler.UI.csproj", "{DAF14777-FEA5-49B3-84BA-9E7B7AE95230}"
EndProject
Project("{FAE04EC0-301F-11D3-BF4B-00C04F79EFBC}") = "Host.Trace.UI", "Host.Trace.UI\Host.Trace.UI.csproj", "{6970EE44-28B9-4D2E-8E40-64376D87E6FE}"
EndProject
Project("{FAE04EC0-301F-11D3-BF4B-00C04F79EFBC}") = "Host.Image.UI", "Host.Image.UI\Host.Image.UI.csproj", "{1646B48F-6A20-41D0-B9BE-CA8002CB50EA}"
EndProject
Project("{FAE04EC0-301F-11D3-BF4B-00C04F79EFBC}") = "Engine.Crawler", "Engine.Crawler\Engine.Crawler.csproj", "{688588C8-B6A2-43FE-A7BF-272A515725BF}"
EndProject
Project("{FAE04EC0-301F-11D3-BF4B-00C04F79EFBC}") = "Engine.GIS", "Engine.GIS\Engine.GIS.csproj", "{82B3CFC7-E05C-46D3-9E91-2F5F4495238E}"
EndProject
Project("{FAE04EC0-301F-11D3-BF4B-00C04F79EFBC}") = "Engine.Mongo", "Engine.Mongo\Engine.Mongo.csproj", "{8D006EAC-E455-4651-B9AD-BE28BECBBC9A}"
EndProject
Project("{FAE04EC0-301F-11D3-BF4B-00C04F79EFBC}") = "Engine.Brain", "Engine.Brain\Engine.Brain.csproj", "{F1D8819A-EB82-46F4-950D-E8732586AF8E}"
EndProject
Project("{2150E333-8FDC-42A3-9474-1A3956D46DE8}") = "depreciated", "depreciated", "{1371F9F6-D7DC-4018-B551-C1D5967DCBCC}"
EndProject
Project("{9A19103F-16F7-4668-BE54-9A1E7A4F7556}") = "Core.GIS", "Core.GIS\Core.GIS.csproj", "{D81D8B79-7FD5-40D3-BA26-2EEE402CC959}"
EndProject
Project("{9A19103F-16F7-4668-BE54-9A1E7A4F7556}") = "Core.Host", "Core.Host\Core.Host.csproj", "{A708C75E-4065-4EB5-BDE4-8B13A98C5CF0}"
EndProject
Project("{9A19103F-16F7-4668-BE54-9A1E7A4F7556}") = "Core.RL", "Core.RL\Core.RL.csproj", "{15F2E287-D375-43FC-A70C-6282C5A21203}"
EndProject
Project("{9A19103F-16F7-4668-BE54-9A1E7A4F7556}") = "Core.DL", "Core.DL\Core.DL.csproj", "{071657D2-E93F-406F-8A37-21B425F1F8B7}"
EndProject
Project("{2150E333-8FDC-42A3-9474-1A3956D46DE8}") = "NETFRAMEWORK", "NETFRAMEWORK", "{ECA1CB00-1BC7-4024-82FE-ACCF506DA9B2}"
EndProject
Project("{9A19103F-16F7-4668-BE54-9A1E7A4F7556}") = "TensorFlowSharp", "TensorFlowSharp\TensorFlowSharp.csproj", "{5E217F33-AC51-4B85-BE54-1130DFE88E83}"
EndProject
Project("{2150E333-8FDC-42A3-9474-1A3956D46DE8}") = "dependency", "dependency", "{26E90016-AC2A-41D6-909F-324671646963}"
EndProject
Global
	GlobalSection(SolutionConfigurationPlatforms) = preSolution
		Debug|Any CPU = Debug|Any CPU
		Debug|x86 = Debug|x86
		Release|Any CPU = Release|Any CPU
		Release|x86 = Release|x86
	EndGlobalSection
	GlobalSection(ProjectConfigurationPlatforms) = postSolution
		{D7DB31C2-1869-48D8-9F03-E97B69BB0456}.Debug|Any CPU.ActiveCfg = Debug|Any CPU
		{D7DB31C2-1869-48D8-9F03-E97B69BB0456}.Debug|Any CPU.Build.0 = Debug|Any CPU
		{D7DB31C2-1869-48D8-9F03-E97B69BB0456}.Debug|x86.ActiveCfg = Debug|Any CPU
		{D7DB31C2-1869-48D8-9F03-E97B69BB0456}.Debug|x86.Build.0 = Debug|Any CPU
		{D7DB31C2-1869-48D8-9F03-E97B69BB0456}.Release|Any CPU.ActiveCfg = Release|Any CPU
		{D7DB31C2-1869-48D8-9F03-E97B69BB0456}.Release|Any CPU.Build.0 = Release|Any CPU
		{D7DB31C2-1869-48D8-9F03-E97B69BB0456}.Release|x86.ActiveCfg = Release|Any CPU
		{D7DB31C2-1869-48D8-9F03-E97B69BB0456}.Release|x86.Build.0 = Release|Any CPU
		{06E1EEC2-AB01-4635-A8AF-9DAA4E4009D1}.Debug|Any CPU.ActiveCfg = Debug|Any CPU
		{06E1EEC2-AB01-4635-A8AF-9DAA4E4009D1}.Debug|Any CPU.Build.0 = Debug|Any CPU
		{06E1EEC2-AB01-4635-A8AF-9DAA4E4009D1}.Debug|x86.ActiveCfg = Debug|Any CPU
		{06E1EEC2-AB01-4635-A8AF-9DAA4E4009D1}.Debug|x86.Build.0 = Debug|Any CPU
		{06E1EEC2-AB01-4635-A8AF-9DAA4E4009D1}.Release|Any CPU.ActiveCfg = Release|Any CPU
		{06E1EEC2-AB01-4635-A8AF-9DAA4E4009D1}.Release|Any CPU.Build.0 = Release|Any CPU
		{06E1EEC2-AB01-4635-A8AF-9DAA4E4009D1}.Release|x86.ActiveCfg = Release|Any CPU
		{06E1EEC2-AB01-4635-A8AF-9DAA4E4009D1}.Release|x86.Build.0 = Release|Any CPU
		{8EFEA62A-A25E-4525-8074-9FF91FFE8FD4}.Debug|Any CPU.ActiveCfg = Debug|Any CPU
		{8EFEA62A-A25E-4525-8074-9FF91FFE8FD4}.Debug|Any CPU.Build.0 = Debug|Any CPU
		{8EFEA62A-A25E-4525-8074-9FF91FFE8FD4}.Debug|x86.ActiveCfg = Debug|Any CPU
		{8EFEA62A-A25E-4525-8074-9FF91FFE8FD4}.Debug|x86.Build.0 = Debug|Any CPU
		{8EFEA62A-A25E-4525-8074-9FF91FFE8FD4}.Release|Any CPU.ActiveCfg = Release|Any CPU
		{8EFEA62A-A25E-4525-8074-9FF91FFE8FD4}.Release|Any CPU.Build.0 = Release|Any CPU
		{8EFEA62A-A25E-4525-8074-9FF91FFE8FD4}.Release|x86.ActiveCfg = Release|Any CPU
		{8EFEA62A-A25E-4525-8074-9FF91FFE8FD4}.Release|x86.Build.0 = Release|Any CPU
		{DAF14777-FEA5-49B3-84BA-9E7B7AE95230}.Debug|Any CPU.ActiveCfg = Debug|Any CPU
		{DAF14777-FEA5-49B3-84BA-9E7B7AE95230}.Debug|Any CPU.Build.0 = Debug|Any CPU
		{DAF14777-FEA5-49B3-84BA-9E7B7AE95230}.Debug|x86.ActiveCfg = Debug|Any CPU
		{DAF14777-FEA5-49B3-84BA-9E7B7AE95230}.Debug|x86.Build.0 = Debug|Any CPU
		{DAF14777-FEA5-49B3-84BA-9E7B7AE95230}.Release|Any CPU.ActiveCfg = Release|Any CPU
		{DAF14777-FEA5-49B3-84BA-9E7B7AE95230}.Release|Any CPU.Build.0 = Release|Any CPU
		{DAF14777-FEA5-49B3-84BA-9E7B7AE95230}.Release|x86.ActiveCfg = Release|Any CPU
		{DAF14777-FEA5-49B3-84BA-9E7B7AE95230}.Release|x86.Build.0 = Release|Any CPU
		{6970EE44-28B9-4D2E-8E40-64376D87E6FE}.Debug|Any CPU.ActiveCfg = Debug|Any CPU
		{6970EE44-28B9-4D2E-8E40-64376D87E6FE}.Debug|Any CPU.Build.0 = Debug|Any CPU
		{6970EE44-28B9-4D2E-8E40-64376D87E6FE}.Debug|x86.ActiveCfg = Debug|Any CPU
		{6970EE44-28B9-4D2E-8E40-64376D87E6FE}.Debug|x86.Build.0 = Debug|Any CPU
		{6970EE44-28B9-4D2E-8E40-64376D87E6FE}.Release|Any CPU.ActiveCfg = Release|Any CPU
		{6970EE44-28B9-4D2E-8E40-64376D87E6FE}.Release|Any CPU.Build.0 = Release|Any CPU
		{6970EE44-28B9-4D2E-8E40-64376D87E6FE}.Release|x86.ActiveCfg = Release|Any CPU
		{6970EE44-28B9-4D2E-8E40-64376D87E6FE}.Release|x86.Build.0 = Release|Any CPU
		{1646B48F-6A20-41D0-B9BE-CA8002CB50EA}.Debug|Any CPU.ActiveCfg = Debug|Any CPU
		{1646B48F-6A20-41D0-B9BE-CA8002CB50EA}.Debug|Any CPU.Build.0 = Debug|Any CPU
		{1646B48F-6A20-41D0-B9BE-CA8002CB50EA}.Debug|x86.ActiveCfg = Debug|Any CPU
		{1646B48F-6A20-41D0-B9BE-CA8002CB50EA}.Debug|x86.Build.0 = Debug|Any CPU
		{1646B48F-6A20-41D0-B9BE-CA8002CB50EA}.Release|Any CPU.ActiveCfg = Release|Any CPU
		{1646B48F-6A20-41D0-B9BE-CA8002CB50EA}.Release|Any CPU.Build.0 = Release|Any CPU
		{1646B48F-6A20-41D0-B9BE-CA8002CB50EA}.Release|x86.ActiveCfg = Release|Any CPU
		{1646B48F-6A20-41D0-B9BE-CA8002CB50EA}.Release|x86.Build.0 = Release|Any CPU
		{688588C8-B6A2-43FE-A7BF-272A515725BF}.Debug|Any CPU.ActiveCfg = Debug|Any CPU
		{688588C8-B6A2-43FE-A7BF-272A515725BF}.Debug|Any CPU.Build.0 = Debug|Any CPU
		{688588C8-B6A2-43FE-A7BF-272A515725BF}.Debug|x86.ActiveCfg = Debug|Any CPU
		{688588C8-B6A2-43FE-A7BF-272A515725BF}.Debug|x86.Build.0 = Debug|Any CPU
		{688588C8-B6A2-43FE-A7BF-272A515725BF}.Release|Any CPU.ActiveCfg = Release|Any CPU
		{688588C8-B6A2-43FE-A7BF-272A515725BF}.Release|Any CPU.Build.0 = Release|Any CPU
		{688588C8-B6A2-43FE-A7BF-272A515725BF}.Release|x86.ActiveCfg = Release|Any CPU
		{688588C8-B6A2-43FE-A7BF-272A515725BF}.Release|x86.Build.0 = Release|Any CPU
		{82B3CFC7-E05C-46D3-9E91-2F5F4495238E}.Debug|Any CPU.ActiveCfg = Debug|Any CPU
		{82B3CFC7-E05C-46D3-9E91-2F5F4495238E}.Debug|Any CPU.Build.0 = Debug|Any CPU
		{82B3CFC7-E05C-46D3-9E91-2F5F4495238E}.Debug|x86.ActiveCfg = Debug|Any CPU
		{82B3CFC7-E05C-46D3-9E91-2F5F4495238E}.Debug|x86.Build.0 = Debug|Any CPU
		{82B3CFC7-E05C-46D3-9E91-2F5F4495238E}.Release|Any CPU.ActiveCfg = Release|Any CPU
		{82B3CFC7-E05C-46D3-9E91-2F5F4495238E}.Release|Any CPU.Build.0 = Release|Any CPU
		{82B3CFC7-E05C-46D3-9E91-2F5F4495238E}.Release|x86.ActiveCfg = Release|Any CPU
		{82B3CFC7-E05C-46D3-9E91-2F5F4495238E}.Release|x86.Build.0 = Release|Any CPU
		{8D006EAC-E455-4651-B9AD-BE28BECBBC9A}.Debug|Any CPU.ActiveCfg = Debug|Any CPU
		{8D006EAC-E455-4651-B9AD-BE28BECBBC9A}.Debug|Any CPU.Build.0 = Debug|Any CPU
		{8D006EAC-E455-4651-B9AD-BE28BECBBC9A}.Debug|x86.ActiveCfg = Debug|Any CPU
		{8D006EAC-E455-4651-B9AD-BE28BECBBC9A}.Debug|x86.Build.0 = Debug|Any CPU
		{8D006EAC-E455-4651-B9AD-BE28BECBBC9A}.Release|Any CPU.ActiveCfg = Release|Any CPU
		{8D006EAC-E455-4651-B9AD-BE28BECBBC9A}.Release|Any CPU.Build.0 = Release|Any CPU
		{8D006EAC-E455-4651-B9AD-BE28BECBBC9A}.Release|x86.ActiveCfg = Release|Any CPU
		{8D006EAC-E455-4651-B9AD-BE28BECBBC9A}.Release|x86.Build.0 = Release|Any CPU
		{F1D8819A-EB82-46F4-950D-E8732586AF8E}.Debug|Any CPU.ActiveCfg = Debug|Any CPU
		{F1D8819A-EB82-46F4-950D-E8732586AF8E}.Debug|Any CPU.Build.0 = Debug|Any CPU
		{F1D8819A-EB82-46F4-950D-E8732586AF8E}.Debug|x86.ActiveCfg = Debug|Any CPU
		{F1D8819A-EB82-46F4-950D-E8732586AF8E}.Debug|x86.Build.0 = Debug|Any CPU
		{F1D8819A-EB82-46F4-950D-E8732586AF8E}.Release|Any CPU.ActiveCfg = Release|Any CPU
		{F1D8819A-EB82-46F4-950D-E8732586AF8E}.Release|Any CPU.Build.0 = Release|Any CPU
		{F1D8819A-EB82-46F4-950D-E8732586AF8E}.Release|x86.ActiveCfg = Release|Any CPU
		{F1D8819A-EB82-46F4-950D-E8732586AF8E}.Release|x86.Build.0 = Release|Any CPU
		{D81D8B79-7FD5-40D3-BA26-2EEE402CC959}.Debug|Any CPU.ActiveCfg = Debug|Any CPU
		{D81D8B79-7FD5-40D3-BA26-2EEE402CC959}.Debug|Any CPU.Build.0 = Debug|Any CPU
		{D81D8B79-7FD5-40D3-BA26-2EEE402CC959}.Debug|x86.ActiveCfg = Debug|Any CPU
		{D81D8B79-7FD5-40D3-BA26-2EEE402CC959}.Debug|x86.Build.0 = Debug|Any CPU
		{D81D8B79-7FD5-40D3-BA26-2EEE402CC959}.Release|Any CPU.ActiveCfg = Release|Any CPU
		{D81D8B79-7FD5-40D3-BA26-2EEE402CC959}.Release|Any CPU.Build.0 = Release|Any CPU
		{D81D8B79-7FD5-40D3-BA26-2EEE402CC959}.Release|x86.ActiveCfg = Release|Any CPU
		{D81D8B79-7FD5-40D3-BA26-2EEE402CC959}.Release|x86.Build.0 = Release|Any CPU
		{A708C75E-4065-4EB5-BDE4-8B13A98C5CF0}.Debug|Any CPU.ActiveCfg = Debug|Any CPU
		{A708C75E-4065-4EB5-BDE4-8B13A98C5CF0}.Debug|Any CPU.Build.0 = Debug|Any CPU
		{A708C75E-4065-4EB5-BDE4-8B13A98C5CF0}.Debug|x86.ActiveCfg = Debug|Any CPU
		{A708C75E-4065-4EB5-BDE4-8B13A98C5CF0}.Debug|x86.Build.0 = Debug|Any CPU
		{A708C75E-4065-4EB5-BDE4-8B13A98C5CF0}.Release|Any CPU.ActiveCfg = Release|Any CPU
		{A708C75E-4065-4EB5-BDE4-8B13A98C5CF0}.Release|Any CPU.Build.0 = Release|Any CPU
		{A708C75E-4065-4EB5-BDE4-8B13A98C5CF0}.Release|x86.ActiveCfg = Release|Any CPU
		{A708C75E-4065-4EB5-BDE4-8B13A98C5CF0}.Release|x86.Build.0 = Release|Any CPU
		{15F2E287-D375-43FC-A70C-6282C5A21203}.Debug|Any CPU.ActiveCfg = Debug|Any CPU
		{15F2E287-D375-43FC-A70C-6282C5A21203}.Debug|Any CPU.Build.0 = Debug|Any CPU
		{15F2E287-D375-43FC-A70C-6282C5A21203}.Debug|x86.ActiveCfg = Debug|Any CPU
		{15F2E287-D375-43FC-A70C-6282C5A21203}.Debug|x86.Build.0 = Debug|Any CPU
		{15F2E287-D375-43FC-A70C-6282C5A21203}.Release|Any CPU.ActiveCfg = Release|Any CPU
		{15F2E287-D375-43FC-A70C-6282C5A21203}.Release|Any CPU.Build.0 = Release|Any CPU
		{15F2E287-D375-43FC-A70C-6282C5A21203}.Release|x86.ActiveCfg = Release|Any CPU
		{15F2E287-D375-43FC-A70C-6282C5A21203}.Release|x86.Build.0 = Release|Any CPU
		{071657D2-E93F-406F-8A37-21B425F1F8B7}.Debug|Any CPU.ActiveCfg = Debug|Any CPU
		{071657D2-E93F-406F-8A37-21B425F1F8B7}.Debug|Any CPU.Build.0 = Debug|Any CPU
		{071657D2-E93F-406F-8A37-21B425F1F8B7}.Debug|x86.ActiveCfg = Debug|Any CPU
		{071657D2-E93F-406F-8A37-21B425F1F8B7}.Debug|x86.Build.0 = Debug|Any CPU
		{071657D2-E93F-406F-8A37-21B425F1F8B7}.Release|Any CPU.ActiveCfg = Release|Any CPU
		{071657D2-E93F-406F-8A37-21B425F1F8B7}.Release|Any CPU.Build.0 = Release|Any CPU
		{071657D2-E93F-406F-8A37-21B425F1F8B7}.Release|x86.ActiveCfg = Release|Any CPU
		{071657D2-E93F-406F-8A37-21B425F1F8B7}.Release|x86.Build.0 = Release|Any CPU
		{5E217F33-AC51-4B85-BE54-1130DFE88E83}.Debug|Any CPU.ActiveCfg = Debug|Any CPU
		{5E217F33-AC51-4B85-BE54-1130DFE88E83}.Debug|Any CPU.Build.0 = Debug|Any CPU
		{5E217F33-AC51-4B85-BE54-1130DFE88E83}.Debug|x86.ActiveCfg = Debug|Any CPU
		{5E217F33-AC51-4B85-BE54-1130DFE88E83}.Debug|x86.Build.0 = Debug|Any CPU
		{5E217F33-AC51-4B85-BE54-1130DFE88E83}.Release|Any CPU.ActiveCfg = Release|Any CPU
		{5E217F33-AC51-4B85-BE54-1130DFE88E83}.Release|Any CPU.Build.0 = Release|Any CPU
		{5E217F33-AC51-4B85-BE54-1130DFE88E83}.Release|x86.ActiveCfg = Release|Any CPU
		{5E217F33-AC51-4B85-BE54-1130DFE88E83}.Release|x86.Build.0 = Release|Any CPU
	EndGlobalSection
	GlobalSection(SolutionProperties) = preSolution
		HideSolutionNode = FALSE
	EndGlobalSection
	GlobalSection(NestedProjects) = preSolution
		{D7DB31C2-1869-48D8-9F03-E97B69BB0456} = {ECA1CB00-1BC7-4024-82FE-ACCF506DA9B2}
		{06E1EEC2-AB01-4635-A8AF-9DAA4E4009D1} = {ECA1CB00-1BC7-4024-82FE-ACCF506DA9B2}
		{8EFEA62A-A25E-4525-8074-9FF91FFE8FD4} = {ECA1CB00-1BC7-4024-82FE-ACCF506DA9B2}
		{DAF14777-FEA5-49B3-84BA-9E7B7AE95230} = {ECA1CB00-1BC7-4024-82FE-ACCF506DA9B2}
		{6970EE44-28B9-4D2E-8E40-64376D87E6FE} = {ECA1CB00-1BC7-4024-82FE-ACCF506DA9B2}
		{1646B48F-6A20-41D0-B9BE-CA8002CB50EA} = {4B5B0396-A5BC-44D4-AAF4-A0037E20E77D}
		{688588C8-B6A2-43FE-A7BF-272A515725BF} = {4B5B0396-A5BC-44D4-AAF4-A0037E20E77D}
		{82B3CFC7-E05C-46D3-9E91-2F5F4495238E} = {4B5B0396-A5BC-44D4-AAF4-A0037E20E77D}
		{8D006EAC-E455-4651-B9AD-BE28BECBBC9A} = {4B5B0396-A5BC-44D4-AAF4-A0037E20E77D}
		{F1D8819A-EB82-46F4-950D-E8732586AF8E} = {4B5B0396-A5BC-44D4-AAF4-A0037E20E77D}
		{D81D8B79-7FD5-40D3-BA26-2EEE402CC959} = {1371F9F6-D7DC-4018-B551-C1D5967DCBCC}
		{A708C75E-4065-4EB5-BDE4-8B13A98C5CF0} = {1371F9F6-D7DC-4018-B551-C1D5967DCBCC}
		{15F2E287-D375-43FC-A70C-6282C5A21203} = {1371F9F6-D7DC-4018-B551-C1D5967DCBCC}
		{071657D2-E93F-406F-8A37-21B425F1F8B7} = {1371F9F6-D7DC-4018-B551-C1D5967DCBCC}
		{ECA1CB00-1BC7-4024-82FE-ACCF506DA9B2} = {1371F9F6-D7DC-4018-B551-C1D5967DCBCC}
		{5E217F33-AC51-4B85-BE54-1130DFE88E83} = {26E90016-AC2A-41D6-909F-324671646963}
	EndGlobalSection
	GlobalSection(ExtensibilityGlobals) = postSolution
		SolutionGuid = {CB9A02C6-D683-48EF-8ECA-4E587D75D2F9}
	EndGlobalSection
EndGlobal
