
Microsoft Visual Studio Solution File, Format Version 12.00
# Visual Studio 15
VisualStudioVersion = 15.0.27004.2002
MinimumVisualStudioVersion = 10.0.40219.1
Project("{FAE04EC0-301F-11D3-BF4B-00C04F79EFBC}") = "Engine.GIS", "Engine.GIS\Engine.GIS.csproj", "{82B3CFC7-E05C-46D3-9E91-2F5F4495238E}"
EndProject
Project("{FAE04EC0-301F-11D3-BF4B-00C04F79EFBC}") = "Engine.Brain", "Engine.Brain\Engine.Brain.csproj", "{F1D8819A-EB82-46F4-950D-E8732586AF8E}"
EndProject
Project("{FAE04EC0-301F-11D3-BF4B-00C04F79EFBC}") = "Host.UI", "Host.UI\Host.UI.csproj", "{1646B48F-6A20-41D0-B9BE-CA8002CB50EA}"
EndProject
Project("{FAE04EC0-301F-11D3-BF4B-00C04F79EFBC}") = "Test.Examples", "Test.Examples\Test.Examples.csproj", "{128B1393-4DE0-4A69-AF7F-4A9F5F9FEC9A}"
EndProject
Global
	GlobalSection(SolutionConfigurationPlatforms) = preSolution
		Debug|Any CPU = Debug|Any CPU
		Debug|x86 = Debug|x86
		Release|Any CPU = Release|Any CPU
		Release|x86 = Release|x86
	EndGlobalSection
	GlobalSection(ProjectConfigurationPlatforms) = postSolution
		{82B3CFC7-E05C-46D3-9E91-2F5F4495238E}.Debug|Any CPU.ActiveCfg = Debug|Any CPU
		{82B3CFC7-E05C-46D3-9E91-2F5F4495238E}.Debug|Any CPU.Build.0 = Debug|Any CPU
		{82B3CFC7-E05C-46D3-9E91-2F5F4495238E}.Debug|x86.ActiveCfg = Debug|Any CPU
		{82B3CFC7-E05C-46D3-9E91-2F5F4495238E}.Debug|x86.Build.0 = Debug|Any CPU
		{82B3CFC7-E05C-46D3-9E91-2F5F4495238E}.Release|Any CPU.ActiveCfg = Release|Any CPU
		{82B3CFC7-E05C-46D3-9E91-2F5F4495238E}.Release|Any CPU.Build.0 = Release|Any CPU
		{82B3CFC7-E05C-46D3-9E91-2F5F4495238E}.Release|x86.ActiveCfg = Release|Any CPU
		{82B3CFC7-E05C-46D3-9E91-2F5F4495238E}.Release|x86.Build.0 = Release|Any CPU
		{F1D8819A-EB82-46F4-950D-E8732586AF8E}.Debug|Any CPU.ActiveCfg = Debug|Any CPU
		{F1D8819A-EB82-46F4-950D-E8732586AF8E}.Debug|Any CPU.Build.0 = Debug|Any CPU
		{F1D8819A-EB82-46F4-950D-E8732586AF8E}.Debug|x86.ActiveCfg = Debug|Any CPU
		{F1D8819A-EB82-46F4-950D-E8732586AF8E}.Debug|x86.Build.0 = Debug|Any CPU
		{F1D8819A-EB82-46F4-950D-E8732586AF8E}.Release|Any CPU.ActiveCfg = Release|Any CPU
		{F1D8819A-EB82-46F4-950D-E8732586AF8E}.Release|Any CPU.Build.0 = Release|Any CPU
		{F1D8819A-EB82-46F4-950D-E8732586AF8E}.Release|x86.ActiveCfg = Release|Any CPU
		{F1D8819A-EB82-46F4-950D-E8732586AF8E}.Release|x86.Build.0 = Release|Any CPU
		{1646B48F-6A20-41D0-B9BE-CA8002CB50EA}.Debug|Any CPU.ActiveCfg = Debug|Any CPU
		{1646B48F-6A20-41D0-B9BE-CA8002CB50EA}.Debug|Any CPU.Build.0 = Debug|Any CPU
		{1646B48F-6A20-41D0-B9BE-CA8002CB50EA}.Debug|x86.ActiveCfg = Debug|Any CPU
		{1646B48F-6A20-41D0-B9BE-CA8002CB50EA}.Debug|x86.Build.0 = Debug|Any CPU
		{1646B48F-6A20-41D0-B9BE-CA8002CB50EA}.Release|Any CPU.ActiveCfg = Release|Any CPU
		{1646B48F-6A20-41D0-B9BE-CA8002CB50EA}.Release|Any CPU.Build.0 = Release|Any CPU
		{1646B48F-6A20-41D0-B9BE-CA8002CB50EA}.Release|x86.ActiveCfg = Release|Any CPU
		{1646B48F-6A20-41D0-B9BE-CA8002CB50EA}.Release|x86.Build.0 = Release|Any CPU
		{128B1393-4DE0-4A69-AF7F-4A9F5F9FEC9A}.Debug|Any CPU.ActiveCfg = Debug|Any CPU
		{128B1393-4DE0-4A69-AF7F-4A9F5F9FEC9A}.Debug|Any CPU.Build.0 = Debug|Any CPU
		{128B1393-4DE0-4A69-AF7F-4A9F5F9FEC9A}.Debug|x86.ActiveCfg = Debug|Any CPU
		{128B1393-4DE0-4A69-AF7F-4A9F5F9FEC9A}.Debug|x86.Build.0 = Debug|Any CPU
		{128B1393-4DE0-4A69-AF7F-4A9F5F9FEC9A}.Release|Any CPU.ActiveCfg = Release|Any CPU
		{128B1393-4DE0-4A69-AF7F-4A9F5F9FEC9A}.Release|Any CPU.Build.0 = Release|Any CPU
		{128B1393-4DE0-4A69-AF7F-4A9F5F9FEC9A}.Release|x86.ActiveCfg = Release|Any CPU
		{128B1393-4DE0-4A69-AF7F-4A9F5F9FEC9A}.Release|x86.Build.0 = Release|Any CPU
	EndGlobalSection
	GlobalSection(SolutionProperties) = preSolution
		HideSolutionNode = FALSE
	EndGlobalSection
	GlobalSection(ExtensibilityGlobals) = postSolution
		SolutionGuid = {CB9A02C6-D683-48EF-8ECA-4E587D75D2F9}
	EndGlobalSection
EndGlobal
